
Microsoft Visual Studio Solution File, Format Version 12.00
# Visual Studio Version 16
VisualStudioVersion = 16.0.28407.52
MinimumVisualStudioVersion = 10.0.40219.1
Project("{9A19103F-16F7-4668-BE54-9A1E7A4F7556}") = "Microgroove.CvsParser", "Microgroove.CvsParser\Microgroove.CvsParser.csproj", "{58A26326-E547-425B-BCC6-C1C9C19B73B5}"
EndProject
Project("{9A19103F-16F7-4668-BE54-9A1E7A4F7556}") = "Microgroove.CvsParser.Test", "Microgroove.CvsParser.Test\Microgroove.CvsParser.Test.csproj", "{E72FE58D-A294-4552-8BF4-14C078FE2637}"
EndProject
Global
	GlobalSection(SolutionConfigurationPlatforms) = preSolution
		Debug|Any CPU = Debug|Any CPU
		Release|Any CPU = Release|Any CPU
	EndGlobalSection
	GlobalSection(ProjectConfigurationPlatforms) = postSolution
		{58A26326-E547-425B-BCC6-C1C9C19B73B5}.Debug|Any CPU.ActiveCfg = Debug|Any CPU
		{58A26326-E547-425B-BCC6-C1C9C19B73B5}.Debug|Any CPU.Build.0 = Debug|Any CPU
		{58A26326-E547-425B-BCC6-C1C9C19B73B5}.Release|Any CPU.ActiveCfg = Release|Any CPU
		{58A26326-E547-425B-BCC6-C1C9C19B73B5}.Release|Any CPU.Build.0 = Release|Any CPU
		{E72FE58D-A294-4552-8BF4-14C078FE2637}.Debug|Any CPU.ActiveCfg = Debug|Any CPU
		{E72FE58D-A294-4552-8BF4-14C078FE2637}.Debug|Any CPU.Build.0 = Debug|Any CPU
		{E72FE58D-A294-4552-8BF4-14C078FE2637}.Release|Any CPU.ActiveCfg = Release|Any CPU
		{E72FE58D-A294-4552-8BF4-14C078FE2637}.Release|Any CPU.Build.0 = Release|Any CPU
	EndGlobalSection
	GlobalSection(SolutionProperties) = preSolution
		HideSolutionNode = FALSE
	EndGlobalSection
	GlobalSection(ExtensibilityGlobals) = postSolution
		SolutionGuid = {899F704A-6590-4756-83A7-B1A6FEEA944C}
	EndGlobalSection
EndGlobal
